
Microsoft Visual Studio Solution File, Format Version 12.00
# Visual Studio Version 16
VisualStudioVersion = 16.0.30011.22
MinimumVisualStudioVersion = 10.0.40219.1
Project("{9A19103F-16F7-4668-BE54-9A1E7A4F7556}") = "BasicProducer", "BasicProducer\BasicProducer.csproj", "{B2B0F9ED-5621-4EFC-A269-6F97AD5BDAAF}"
EndProject
Project("{9A19103F-16F7-4668-BE54-9A1E7A4F7556}") = "BasicConsumer", "BasicConsumer\BasicConsumer.csproj", "{8C5FD2DC-FC43-45CE-830B-63B35CA040BD}"
EndProject
Project("{FAE04EC0-301F-11D3-BF4B-00C04F79EFBC}") = "FunctionConsumer", "FunctionConsumer\FunctionConsumer.csproj", "{E85A35BA-EFA5-4D1E-B065-8E5E4E1392F9}"
EndProject
Global
	GlobalSection(SolutionConfigurationPlatforms) = preSolution
		Debug|Any CPU = Debug|Any CPU
		Release|Any CPU = Release|Any CPU
	EndGlobalSection
	GlobalSection(ProjectConfigurationPlatforms) = postSolution
		{B2B0F9ED-5621-4EFC-A269-6F97AD5BDAAF}.Debug|Any CPU.ActiveCfg = Debug|Any CPU
		{B2B0F9ED-5621-4EFC-A269-6F97AD5BDAAF}.Debug|Any CPU.Build.0 = Debug|Any CPU
		{B2B0F9ED-5621-4EFC-A269-6F97AD5BDAAF}.Release|Any CPU.ActiveCfg = Release|Any CPU
		{B2B0F9ED-5621-4EFC-A269-6F97AD5BDAAF}.Release|Any CPU.Build.0 = Release|Any CPU
		{8C5FD2DC-FC43-45CE-830B-63B35CA040BD}.Debug|Any CPU.ActiveCfg = Debug|Any CPU
		{8C5FD2DC-FC43-45CE-830B-63B35CA040BD}.Debug|Any CPU.Build.0 = Debug|Any CPU
		{8C5FD2DC-FC43-45CE-830B-63B35CA040BD}.Release|Any CPU.ActiveCfg = Release|Any CPU
		{8C5FD2DC-FC43-45CE-830B-63B35CA040BD}.Release|Any CPU.Build.0 = Release|Any CPU
		{E85A35BA-EFA5-4D1E-B065-8E5E4E1392F9}.Debug|Any CPU.ActiveCfg = Debug|Any CPU
		{E85A35BA-EFA5-4D1E-B065-8E5E4E1392F9}.Debug|Any CPU.Build.0 = Debug|Any CPU
		{E85A35BA-EFA5-4D1E-B065-8E5E4E1392F9}.Release|Any CPU.ActiveCfg = Release|Any CPU
		{E85A35BA-EFA5-4D1E-B065-8E5E4E1392F9}.Release|Any CPU.Build.0 = Release|Any CPU
	EndGlobalSection
	GlobalSection(SolutionProperties) = preSolution
		HideSolutionNode = FALSE
	EndGlobalSection
	GlobalSection(ExtensibilityGlobals) = postSolution
		SolutionGuid = {F87D020D-B05C-4859-B350-2A0DE6B435C1}
	EndGlobalSection
EndGlobal
